// !$*UTF8*$!
{
	archiveVersion = 1;
	classes = {
	};
	objectVersion = 46;
	objects = {

/* Begin PBXBuildFile section */
		3A76A18219BF0D0B0053D878 /* Foundation.framework in Frameworks */ = {isa = PBXBuildFile; fileRef = 3A76A18119BF0D0B0053D878 /* Foundation.framework */; };
		3A76A18419BF0D0B0053D878 /* CoreGraphics.framework in Frameworks */ = {isa = PBXBuildFile; fileRef = 3A76A18319BF0D0B0053D878 /* CoreGraphics.framework */; };
		3A76A18619BF0D0B0053D878 /* UIKit.framework in Frameworks */ = {isa = PBXBuildFile; fileRef = 3A76A18519BF0D0B0053D878 /* UIKit.framework */; };
		3A76A18C19BF0D0B0053D878 /* InfoPlist.strings in Resources */ = {isa = PBXBuildFile; fileRef = 3A76A18A19BF0D0B0053D878 /* InfoPlist.strings */; };
		3A76A18E19BF0D0B0053D878 /* main.m in Sources */ = {isa = PBXBuildFile; fileRef = 3A76A18D19BF0D0B0053D878 /* main.m */; };
		3A76A19219BF0D0B0053D878 /* AppDelegate.m in Sources */ = {isa = PBXBuildFile; fileRef = 3A76A19119BF0D0B0053D878 /* AppDelegate.m */; };
		3A76A19519BF0D0B0053D878 /* Main_iPhone.storyboard in Resources */ = {isa = PBXBuildFile; fileRef = 3A76A19319BF0D0B0053D878 /* Main_iPhone.storyboard */; };
		3A76A19819BF0D0B0053D878 /* Main_iPad.storyboard in Resources */ = {isa = PBXBuildFile; fileRef = 3A76A19619BF0D0B0053D878 /* Main_iPad.storyboard */; };
		3A76A19D19BF0D0B0053D878 /* Images.xcassets in Resources */ = {isa = PBXBuildFile; fileRef = 3A76A19C19BF0D0B0053D878 /* Images.xcassets */; };
		3A76A1A419BF0D0B0053D878 /* XCTest.framework in Frameworks */ = {isa = PBXBuildFile; fileRef = 3A76A1A319BF0D0B0053D878 /* XCTest.framework */; };
		3A76A1A519BF0D0B0053D878 /* Foundation.framework in Frameworks */ = {isa = PBXBuildFile; fileRef = 3A76A18119BF0D0B0053D878 /* Foundation.framework */; };
		3A76A1A619BF0D0B0053D878 /* UIKit.framework in Frameworks */ = {isa = PBXBuildFile; fileRef = 3A76A18519BF0D0B0053D878 /* UIKit.framework */; };
		3A76A1AE19BF0D0B0053D878 /* InfoPlist.strings in Resources */ = {isa = PBXBuildFile; fileRef = 3A76A1AC19BF0D0B0053D878 /* InfoPlist.strings */; };
		3A76A1B019BF0D0B0053D878 /* ExerciseAppTests.m in Sources */ = {isa = PBXBuildFile; fileRef = 3A76A1AF19BF0D0B0053D878 /* ExerciseAppTests.m */; };
		3A76A1BB19BF13DF0053D878 /* Timer.m in Sources */ = {isa = PBXBuildFile; fileRef = 3A76A1BA19BF13DF0053D878 /* Timer.m */; };
		3A76A1BE19BF1FEC0053D878 /* TimeAttack.m in Sources */ = {isa = PBXBuildFile; fileRef = 3A76A1BD19BF1FEC0053D878 /* TimeAttack.m */; };
/* End PBXBuildFile section */

/* Begin PBXContainerItemProxy section */
		3A76A1A719BF0D0B0053D878 /* PBXContainerItemProxy */ = {
			isa = PBXContainerItemProxy;
			containerPortal = 3A76A17619BF0D0B0053D878 /* Project object */;
			proxyType = 1;
			remoteGlobalIDString = 3A76A17D19BF0D0B0053D878;
			remoteInfo = ExerciseApp;
		};
/* End PBXContainerItemProxy section */

/* Begin PBXFileReference section */
		3A76A17E19BF0D0B0053D878 /* ExerciseApp.app */ = {isa = PBXFileReference; explicitFileType = wrapper.application; includeInIndex = 0; path = ExerciseApp.app; sourceTree = BUILT_PRODUCTS_DIR; };
		3A76A18119BF0D0B0053D878 /* Foundation.framework */ = {isa = PBXFileReference; lastKnownFileType = wrapper.framework; name = Foundation.framework; path = System/Library/Frameworks/Foundation.framework; sourceTree = SDKROOT; };
		3A76A18319BF0D0B0053D878 /* CoreGraphics.framework */ = {isa = PBXFileReference; lastKnownFileType = wrapper.framework; name = CoreGraphics.framework; path = System/Library/Frameworks/CoreGraphics.framework; sourceTree = SDKROOT; };
		3A76A18519BF0D0B0053D878 /* UIKit.framework */ = {isa = PBXFileReference; lastKnownFileType = wrapper.framework; name = UIKit.framework; path = System/Library/Frameworks/UIKit.framework; sourceTree = SDKROOT; };
		3A76A18919BF0D0B0053D878 /* ExerciseApp-Info.plist */ = {isa = PBXFileReference; lastKnownFileType = text.plist.xml; path = "ExerciseApp-Info.plist"; sourceTree = "<group>"; };
		3A76A18B19BF0D0B0053D878 /* en */ = {isa = PBXFileReference; lastKnownFileType = text.plist.strings; name = en; path = en.lproj/InfoPlist.strings; sourceTree = "<group>"; };
		3A76A18D19BF0D0B0053D878 /* main.m */ = {isa = PBXFileReference; lastKnownFileType = sourcecode.c.objc; path = main.m; sourceTree = "<group>"; };
		3A76A18F19BF0D0B0053D878 /* ExerciseApp-Prefix.pch */ = {isa = PBXFileReference; lastKnownFileType = sourcecode.c.h; path = "ExerciseApp-Prefix.pch"; sourceTree = "<group>"; };
		3A76A19019BF0D0B0053D878 /* AppDelegate.h */ = {isa = PBXFileReference; lastKnownFileType = sourcecode.c.h; path = AppDelegate.h; sourceTree = "<group>"; };
		3A76A19119BF0D0B0053D878 /* AppDelegate.m */ = {isa = PBXFileReference; lastKnownFileType = sourcecode.c.objc; path = AppDelegate.m; sourceTree = "<group>"; };
		3A76A19419BF0D0B0053D878 /* Base */ = {isa = PBXFileReference; lastKnownFileType = file.storyboard; name = Base; path = Base.lproj/Main_iPhone.storyboard; sourceTree = "<group>"; };
		3A76A19719BF0D0B0053D878 /* Base */ = {isa = PBXFileReference; lastKnownFileType = file.storyboard; name = Base; path = Base.lproj/Main_iPad.storyboard; sourceTree = "<group>"; };
		3A76A19C19BF0D0B0053D878 /* Images.xcassets */ = {isa = PBXFileReference; lastKnownFileType = folder.assetcatalog; path = Images.xcassets; sourceTree = "<group>"; };
		3A76A1A219BF0D0B0053D878 /* ExerciseAppTests.xctest */ = {isa = PBXFileReference; explicitFileType = wrapper.cfbundle; includeInIndex = 0; path = ExerciseAppTests.xctest; sourceTree = BUILT_PRODUCTS_DIR; };
		3A76A1A319BF0D0B0053D878 /* XCTest.framework */ = {isa = PBXFileReference; lastKnownFileType = wrapper.framework; name = XCTest.framework; path = Library/Frameworks/XCTest.framework; sourceTree = DEVELOPER_DIR; };
		3A76A1AB19BF0D0B0053D878 /* ExerciseAppTests-Info.plist */ = {isa = PBXFileReference; lastKnownFileType = text.plist.xml; path = "ExerciseAppTests-Info.plist"; sourceTree = "<group>"; };
		3A76A1AD19BF0D0B0053D878 /* en */ = {isa = PBXFileReference; lastKnownFileType = text.plist.strings; name = en; path = en.lproj/InfoPlist.strings; sourceTree = "<group>"; };
		3A76A1AF19BF0D0B0053D878 /* ExerciseAppTests.m */ = {isa = PBXFileReference; lastKnownFileType = sourcecode.c.objc; path = ExerciseAppTests.m; sourceTree = "<group>"; };
		3A76A1B919BF13DF0053D878 /* Timer.h */ = {isa = PBXFileReference; fileEncoding = 4; lastKnownFileType = sourcecode.c.h; path = Timer.h; sourceTree = "<group>"; };
		3A76A1BA19BF13DF0053D878 /* Timer.m */ = {isa = PBXFileReference; fileEncoding = 4; lastKnownFileType = sourcecode.c.objc; path = Timer.m; sourceTree = "<group>"; };
		3A76A1BC19BF1FEC0053D878 /* TimeAttack.h */ = {isa = PBXFileReference; fileEncoding = 4; lastKnownFileType = sourcecode.c.h; path = TimeAttack.h; sourceTree = "<group>"; };
		3A76A1BD19BF1FEC0053D878 /* TimeAttack.m */ = {isa = PBXFileReference; fileEncoding = 4; lastKnownFileType = sourcecode.c.objc; path = TimeAttack.m; sourceTree = "<group>"; };
/* End PBXFileReference section */

/* Begin PBXFrameworksBuildPhase section */
		3A76A17B19BF0D0B0053D878 /* Frameworks */ = {
			isa = PBXFrameworksBuildPhase;
			buildActionMask = 2147483647;
			files = (
				3A76A18419BF0D0B0053D878 /* CoreGraphics.framework in Frameworks */,
				3A76A18619BF0D0B0053D878 /* UIKit.framework in Frameworks */,
				3A76A18219BF0D0B0053D878 /* Foundation.framework in Frameworks */,
			);
			runOnlyForDeploymentPostprocessing = 0;
		};
		3A76A19F19BF0D0B0053D878 /* Frameworks */ = {
			isa = PBXFrameworksBuildPhase;
			buildActionMask = 2147483647;
			files = (
				3A76A1A419BF0D0B0053D878 /* XCTest.framework in Frameworks */,
				3A76A1A619BF0D0B0053D878 /* UIKit.framework in Frameworks */,
				3A76A1A519BF0D0B0053D878 /* Foundation.framework in Frameworks */,
			);
			runOnlyForDeploymentPostprocessing = 0;
		};
/* End PBXFrameworksBuildPhase section */

/* Begin PBXGroup section */
		3A76A17519BF0D0B0053D878 = {
			isa = PBXGroup;
			children = (
				3A76A18719BF0D0B0053D878 /* ExerciseApp */,
				3A76A1A919BF0D0B0053D878 /* ExerciseAppTests */,
				3A76A18019BF0D0B0053D878 /* Frameworks */,
				3A76A17F19BF0D0B0053D878 /* Products */,
			);
			sourceTree = "<group>";
		};
		3A76A17F19BF0D0B0053D878 /* Products */ = {
			isa = PBXGroup;
			children = (
				3A76A17E19BF0D0B0053D878 /* ExerciseApp.app */,
				3A76A1A219BF0D0B0053D878 /* ExerciseAppTests.xctest */,
			);
			name = Products;
			sourceTree = "<group>";
		};
		3A76A18019BF0D0B0053D878 /* Frameworks */ = {
			isa = PBXGroup;
			children = (
				3A76A18119BF0D0B0053D878 /* Foundation.framework */,
				3A76A18319BF0D0B0053D878 /* CoreGraphics.framework */,
				3A76A18519BF0D0B0053D878 /* UIKit.framework */,
				3A76A1A319BF0D0B0053D878 /* XCTest.framework */,
			);
			name = Frameworks;
			sourceTree = "<group>";
		};
		3A76A18719BF0D0B0053D878 /* ExerciseApp */ = {
			isa = PBXGroup;
			children = (
				3A76A19019BF0D0B0053D878 /* AppDelegate.h */,
				3A76A19119BF0D0B0053D878 /* AppDelegate.m */,
				3A76A19319BF0D0B0053D878 /* Main_iPhone.storyboard */,
				3A76A19619BF0D0B0053D878 /* Main_iPad.storyboard */,
				3A76A1B919BF13DF0053D878 /* Timer.h */,
				3A76A1BA19BF13DF0053D878 /* Timer.m */,
				3A76A1BC19BF1FEC0053D878 /* TimeAttack.h */,
				3A76A1BD19BF1FEC0053D878 /* TimeAttack.m */,
				3A76A19C19BF0D0B0053D878 /* Images.xcassets */,
				3A76A18819BF0D0B0053D878 /* Supporting Files */,
			);
			path = ExerciseApp;
			sourceTree = "<group>";
		};
		3A76A18819BF0D0B0053D878 /* Supporting Files */ = {
			isa = PBXGroup;
			children = (
				3A76A18919BF0D0B0053D878 /* ExerciseApp-Info.plist */,
				3A76A18A19BF0D0B0053D878 /* InfoPlist.strings */,
				3A76A18D19BF0D0B0053D878 /* main.m */,
				3A76A18F19BF0D0B0053D878 /* ExerciseApp-Prefix.pch */,
			);
			name = "Supporting Files";
			sourceTree = "<group>";
		};
		3A76A1A919BF0D0B0053D878 /* ExerciseAppTests */ = {
			isa = PBXGroup;
			children = (
				3A76A1AF19BF0D0B0053D878 /* ExerciseAppTests.m */,
				3A76A1AA19BF0D0B0053D878 /* Supporting Files */,
			);
			path = ExerciseAppTests;
			sourceTree = "<group>";
		};
		3A76A1AA19BF0D0B0053D878 /* Supporting Files */ = {
			isa = PBXGroup;
			children = (
				3A76A1AB19BF0D0B0053D878 /* ExerciseAppTests-Info.plist */,
				3A76A1AC19BF0D0B0053D878 /* InfoPlist.strings */,
			);
			name = "Supporting Files";
			sourceTree = "<group>";
		};
/* End PBXGroup section */

/* Begin PBXNativeTarget section */
		3A76A17D19BF0D0B0053D878 /* ExerciseApp */ = {
			isa = PBXNativeTarget;
			buildConfigurationList = 3A76A1B319BF0D0B0053D878 /* Build configuration list for PBXNativeTarget "ExerciseApp" */;
			buildPhases = (
				3A76A17A19BF0D0B0053D878 /* Sources */,
				3A76A17B19BF0D0B0053D878 /* Frameworks */,
				3A76A17C19BF0D0B0053D878 /* Resources */,
			);
			buildRules = (
			);
			dependencies = (
			);
			name = ExerciseApp;
			productName = ExerciseApp;
			productReference = 3A76A17E19BF0D0B0053D878 /* ExerciseApp.app */;
			productType = "com.apple.product-type.application";
		};
		3A76A1A119BF0D0B0053D878 /* ExerciseAppTests */ = {
			isa = PBXNativeTarget;
			buildConfigurationList = 3A76A1B619BF0D0B0053D878 /* Build configuration list for PBXNativeTarget "ExerciseAppTests" */;
			buildPhases = (
				3A76A19E19BF0D0B0053D878 /* Sources */,
				3A76A19F19BF0D0B0053D878 /* Frameworks */,
				3A76A1A019BF0D0B0053D878 /* Resources */,
			);
			buildRules = (
			);
			dependencies = (
				3A76A1A819BF0D0B0053D878 /* PBXTargetDependency */,
			);
			name = ExerciseAppTests;
			productName = ExerciseAppTests;
			productReference = 3A76A1A219BF0D0B0053D878 /* ExerciseAppTests.xctest */;
			productType = "com.apple.product-type.bundle.unit-test";
		};
/* End PBXNativeTarget section */

/* Begin PBXProject section */
		3A76A17619BF0D0B0053D878 /* Project object */ = {
			isa = PBXProject;
			attributes = {
				LastUpgradeCheck = 0510;
				ORGANIZATIONNAME = "Pheerawit Charuvajana";
				TargetAttributes = {
					3A76A1A119BF0D0B0053D878 = {
						TestTargetID = 3A76A17D19BF0D0B0053D878;
					};
				};
			};
			buildConfigurationList = 3A76A17919BF0D0B0053D878 /* Build configuration list for PBXProject "ExerciseApp" */;
			compatibilityVersion = "Xcode 3.2";
			developmentRegion = English;
			hasScannedForEncodings = 0;
			knownRegions = (
				en,
				Base,
			);
			mainGroup = 3A76A17519BF0D0B0053D878;
			productRefGroup = 3A76A17F19BF0D0B0053D878 /* Products */;
			projectDirPath = "";
			projectRoot = "";
			targets = (
				3A76A17D19BF0D0B0053D878 /* ExerciseApp */,
				3A76A1A119BF0D0B0053D878 /* ExerciseAppTests */,
			);
		};
/* End PBXProject section */

/* Begin PBXResourcesBuildPhase section */
		3A76A17C19BF0D0B0053D878 /* Resources */ = {
			isa = PBXResourcesBuildPhase;
			buildActionMask = 2147483647;
			files = (
				3A76A19819BF0D0B0053D878 /* Main_iPad.storyboard in Resources */,
				3A76A19D19BF0D0B0053D878 /* Images.xcassets in Resources */,
				3A76A19519BF0D0B0053D878 /* Main_iPhone.storyboard in Resources */,
				3A76A18C19BF0D0B0053D878 /* InfoPlist.strings in Resources */,
			);
			runOnlyForDeploymentPostprocessing = 0;
		};
		3A76A1A019BF0D0B0053D878 /* Resources */ = {
			isa = PBXResourcesBuildPhase;
			buildActionMask = 2147483647;
			files = (
				3A76A1AE19BF0D0B0053D878 /* InfoPlist.strings in Resources */,
			);
			runOnlyForDeploymentPostprocessing = 0;
		};
/* End PBXResourcesBuildPhase section */

/* Begin PBXSourcesBuildPhase section */
		3A76A17A19BF0D0B0053D878 /* Sources */ = {
			isa = PBXSourcesBuildPhase;
			buildActionMask = 2147483647;
			files = (
				3A76A19219BF0D0B0053D878 /* AppDelegate.m in Sources */,
				3A76A18E19BF0D0B0053D878 /* main.m in Sources */,
				3A76A1BE19BF1FEC0053D878 /* TimeAttack.m in Sources */,
				3A76A1BB19BF13DF0053D878 /* Timer.m in Sources */,
			);
			runOnlyForDeploymentPostprocessing = 0;
		};
		3A76A19E19BF0D0B0053D878 /* Sources */ = {
			isa = PBXSourcesBuildPhase;
			buildActionMask = 2147483647;
			files = (
				3A76A1B019BF0D0B0053D878 /* ExerciseAppTests.m in Sources */,
			);
			runOnlyForDeploymentPostprocessing = 0;
		};
/* End PBXSourcesBuildPhase section */

/* Begin PBXTargetDependency section */
		3A76A1A819BF0D0B0053D878 /* PBXTargetDependency */ = {
			isa = PBXTargetDependency;
			target = 3A76A17D19BF0D0B0053D878 /* ExerciseApp */;
			targetProxy = 3A76A1A719BF0D0B0053D878 /* PBXContainerItemProxy */;
		};
/* End PBXTargetDependency section */

/* Begin PBXVariantGroup section */
		3A76A18A19BF0D0B0053D878 /* InfoPlist.strings */ = {
			isa = PBXVariantGroup;
			children = (
				3A76A18B19BF0D0B0053D878 /* en */,
			);
			name = InfoPlist.strings;
			sourceTree = "<group>";
		};
		3A76A19319BF0D0B0053D878 /* Main_iPhone.storyboard */ = {
			isa = PBXVariantGroup;
			children = (
				3A76A19419BF0D0B0053D878 /* Base */,
			);
			name = Main_iPhone.storyboard;
			sourceTree = "<group>";
		};
		3A76A19619BF0D0B0053D878 /* Main_iPad.storyboard */ = {
			isa = PBXVariantGroup;
			children = (
				3A76A19719BF0D0B0053D878 /* Base */,
			);
			name = Main_iPad.storyboard;
			sourceTree = "<group>";
		};
		3A76A1AC19BF0D0B0053D878 /* InfoPlist.strings */ = {
			isa = PBXVariantGroup;
			children = (
				3A76A1AD19BF0D0B0053D878 /* en */,
			);
			name = InfoPlist.strings;
			sourceTree = "<group>";
		};
/* End PBXVariantGroup section */

/* Begin XCBuildConfiguration section */
		3A76A1B119BF0D0B0053D878 /* Debug */ = {
			isa = XCBuildConfiguration;
			buildSettings = {
				ALWAYS_SEARCH_USER_PATHS = NO;
				CLANG_CXX_LANGUAGE_STANDARD = "gnu++0x";
				CLANG_CXX_LIBRARY = "libc++";
				CLANG_ENABLE_MODULES = YES;
				CLANG_ENABLE_OBJC_ARC = YES;
				CLANG_WARN_BOOL_CONVERSION = YES;
				CLANG_WARN_CONSTANT_CONVERSION = YES;
				CLANG_WARN_DIRECT_OBJC_ISA_USAGE = YES_ERROR;
				CLANG_WARN_EMPTY_BODY = YES;
				CLANG_WARN_ENUM_CONVERSION = YES;
				CLANG_WARN_INT_CONVERSION = YES;
				CLANG_WARN_OBJC_ROOT_CLASS = YES_ERROR;
				CLANG_WARN__DUPLICATE_METHOD_MATCH = YES;
				"CODE_SIGN_IDENTITY[sdk=iphoneos*]" = "iPhone Developer";
				COPY_PHASE_STRIP = NO;
				GCC_C_LANGUAGE_STANDARD = gnu99;
				GCC_DYNAMIC_NO_PIC = NO;
				GCC_OPTIMIZATION_LEVEL = 0;
				GCC_PREPROCESSOR_DEFINITIONS = (
					"DEBUG=1",
					"$(inherited)",
				);
				GCC_SYMBOLS_PRIVATE_EXTERN = NO;
				GCC_WARN_64_TO_32_BIT_CONVERSION = YES;
				GCC_WARN_ABOUT_RETURN_TYPE = YES_ERROR;
				GCC_WARN_UNDECLARED_SELECTOR = YES;
				GCC_WARN_UNINITIALIZED_AUTOS = YES_AGGRESSIVE;
				GCC_WARN_UNUSED_FUNCTION = YES;
				GCC_WARN_UNUSED_VARIABLE = YES;
				IPHONEOS_DEPLOYMENT_TARGET = 7.1;
				ONLY_ACTIVE_ARCH = YES;
				SDKROOT = iphoneos;
				TARGETED_DEVICE_FAMILY = "1,2";
			};
			name = Debug;
		};
		3A76A1B219BF0D0B0053D878 /* Release */ = {
			isa = XCBuildConfiguration;
			buildSettings = {
				ALWAYS_SEARCH_USER_PATHS = NO;
				CLANG_CXX_LANGUAGE_STANDARD = "gnu++0x";
				CLANG_CXX_LIBRARY = "libc++";
				CLANG_ENABLE_MODULES = YES;
				CLANG_ENABLE_OBJC_ARC = YES;
				CLANG_WARN_BOOL_CONVERSION = YES;
				CLANG_WARN_CONSTANT_CONVERSION = YES;
				CLANG_WARN_DIRECT_OBJC_ISA_USAGE = YES_ERROR;
				CLANG_WARN_EMPTY_BODY = YES;
				CLANG_WARN_ENUM_CONVERSION = YES;
				CLANG_WARN_INT_CONVERSION = YES;
				CLANG_WARN_OBJC_ROOT_CLASS = YES_ERROR;
				CLANG_WARN__DUPLICATE_METHOD_MATCH = YES;
				"CODE_SIGN_IDENTITY[sdk=iphoneos*]" = "iPhone Developer";
				COPY_PHASE_STRIP = YES;
				ENABLE_NS_ASSERTIONS = NO;
				GCC_C_LANGUAGE_STANDARD = gnu99;
				GCC_WARN_64_TO_32_BIT_CONVERSION = YES;
				GCC_WARN_ABOUT_RETURN_TYPE = YES_ERROR;
				GCC_WARN_UNDECLARED_SELECTOR = YES;
				GCC_WARN_UNINITIALIZED_AUTOS = YES_AGGRESSIVE;
				GCC_WARN_UNUSED_FUNCTION = YES;
				GCC_WARN_UNUSED_VARIABLE = YES;
				IPHONEOS_DEPLOYMENT_TARGET = 7.1;
				SDKROOT = iphoneos;
				TARGETED_DEVICE_FAMILY = "1,2";
				VALIDATE_PRODUCT = YES;
			};
			name = Release;
		};
		3A76A1B419BF0D0B0053D878 /* Debug */ = {
			isa = XCBuildConfiguration;
			buildSettings = {
				ASSETCATALOG_COMPILER_APPICON_NAME = AppIcon;
				ASSETCATALOG_COMPILER_LAUNCHIMAGE_NAME = LaunchImage;
				GCC_PRECOMPILE_PREFIX_HEADER = YES;
				GCC_PREFIX_HEADER = "ExerciseApp/ExerciseApp-Prefix.pch";
				INFOPLIST_FILE = "ExerciseApp/ExerciseApp-Info.plist";
				PRODUCT_NAME = "$(TARGET_NAME)";
				WRAPPER_EXTENSION = app;
			};
			name = Debug;
		};
		3A76A1B519BF0D0B0053D878 /* Release */ = {
			isa = XCBuildConfiguration;
			buildSettings = {
				ASSETCATALOG_COMPILER_APPICON_NAME = AppIcon;
				ASSETCATALOG_COMPILER_LAUNCHIMAGE_NAME = LaunchImage;
				GCC_PRECOMPILE_PREFIX_HEADER = YES;
				GCC_PREFIX_HEADER = "ExerciseApp/ExerciseApp-Prefix.pch";
				INFOPLIST_FILE = "ExerciseApp/ExerciseApp-Info.plist";
				PRODUCT_NAME = "$(TARGET_NAME)";
				WRAPPER_EXTENSION = app;
			};
			name = Release;
		};
		3A76A1B719BF0D0B0053D878 /* Debug */ = {
			isa = XCBuildConfiguration;
			buildSettings = {
				BUNDLE_LOADER = "$(BUILT_PRODUCTS_DIR)/ExerciseApp.app/ExerciseApp";
				FRAMEWORK_SEARCH_PATHS = (
					"$(SDKROOT)/Developer/Library/Frameworks",
					"$(inherited)",
					"$(DEVELOPER_FRAMEWORKS_DIR)",
				);
				GCC_PRECOMPILE_PREFIX_HEADER = YES;
				GCC_PREFIX_HEADER = "ExerciseApp/ExerciseApp-Prefix.pch";
				GCC_PREPROCESSOR_DEFINITIONS = (
					"DEBUG=1",
					"$(inherited)",
				);
				INFOPLIST_FILE = "ExerciseAppTests/ExerciseAppTests-Info.plist";
				PRODUCT_NAME = "$(TARGET_NAME)";
				TEST_HOST = "$(BUNDLE_LOADER)";
				WRAPPER_EXTENSION = xctest;
			};
			name = Debug;
		};
		3A76A1B819BF0D0B0053D878 /* Release */ = {
			isa = XCBuildConfiguration;
			buildSettings = {
				BUNDLE_LOADER = "$(BUILT_PRODUCTS_DIR)/ExerciseApp.app/ExerciseApp";
				FRAMEWORK_SEARCH_PATHS = (
					"$(SDKROOT)/Developer/Library/Frameworks",
					"$(inherited)",
					"$(DEVELOPER_FRAMEWORKS_DIR)",
				);
				GCC_PRECOMPILE_PREFIX_HEADER = YES;
				GCC_PREFIX_HEADER = "ExerciseApp/ExerciseApp-Prefix.pch";
				INFOPLIST_FILE = "ExerciseAppTests/ExerciseAppTests-Info.plist";
				PRODUCT_NAME = "$(TARGET_NAME)";
				TEST_HOST = "$(BUNDLE_LOADER)";
				WRAPPER_EXTENSION = xctest;
			};
			name = Release;
		};
/* End XCBuildConfiguration section */

/* Begin XCConfigurationList section */
		3A76A17919BF0D0B0053D878 /* Build configuration list for PBXProject "ExerciseApp" */ = {
			isa = XCConfigurationList;
			buildConfigurations = (
				3A76A1B119BF0D0B0053D878 /* Debug */,
				3A76A1B219BF0D0B0053D878 /* Release */,
			);
			defaultConfigurationIsVisible = 0;
			defaultConfigurationName = Release;
		};
		3A76A1B319BF0D0B0053D878 /* Build configuration list for PBXNativeTarget "ExerciseApp" */ = {
			isa = XCConfigurationList;
			buildConfigurations = (
				3A76A1B419BF0D0B0053D878 /* Debug */,
				3A76A1B519BF0D0B0053D878 /* Release */,
			);
			defaultConfigurationIsVisible = 0;
		};
		3A76A1B619BF0D0B0053D878 /* Build configuration list for PBXNativeTarget "ExerciseAppTests" */ = {
			isa = XCConfigurationList;
			buildConfigurations = (
				3A76A1B719BF0D0B0053D878 /* Debug */,
				3A76A1B819BF0D0B0053D878 /* Release */,
			);
			defaultConfigurationIsVisible = 0;
		};
/* End XCConfigurationList section */
	};
	rootObject = 3A76A17619BF0D0B0053D878 /* Project object */;
}
